
Microsoft Visual Studio Solution File, Format Version 12.00
# Visual Studio Version 17
VisualStudioVersion = 17.6.33815.320
MinimumVisualStudioVersion = 10.0.40219.1
Project("{FAE04EC0-301F-11D3-BF4B-00C04F79EFBC}") = "UmbracoDemo", "UmbracoDemo\UmbracoDemo.csproj", "{E9928D29-A6B7-4388-B9B5-AC3E06F87BFB}"
EndProject
Global
	GlobalSection(SolutionConfigurationPlatforms) = preSolution
		Debug|Any CPU = Debug|Any CPU
		Release|Any CPU = Release|Any CPU
	EndGlobalSection
	GlobalSection(ProjectConfigurationPlatforms) = postSolution
		{E9928D29-A6B7-4388-B9B5-AC3E06F87BFB}.Debug|Any CPU.ActiveCfg = Debug|Any CPU
		{E9928D29-A6B7-4388-B9B5-AC3E06F87BFB}.Debug|Any CPU.Build.0 = Debug|Any CPU
		{E9928D29-A6B7-4388-B9B5-AC3E06F87BFB}.Release|Any CPU.ActiveCfg = Release|Any CPU
		{E9928D29-A6B7-4388-B9B5-AC3E06F87BFB}.Release|Any CPU.Build.0 = Release|Any CPU
	EndGlobalSection
	GlobalSection(SolutionProperties) = preSolution
		HideSolutionNode = FALSE
	EndGlobalSection
	GlobalSection(ExtensibilityGlobals) = postSolution
		SolutionGuid = {359FAAA8-B0E7-45B6-8C0C-4B5CA89B2E84}
	EndGlobalSection
EndGlobal
